
Microsoft Visual Studio Solution File, Format Version 12.00
# Visual Studio Version 16
VisualStudioVersion = 16.0.31005.135
MinimumVisualStudioVersion = 10.0.40219.1
Project("{FAE04EC0-301F-11D3-BF4B-00C04F79EFBC}") = "PamposTools.InShell", "PamposTools.InShell\PamposTools.InShell.csproj", "{050492D9-A345-475B-8426-284C7836922B}"
EndProject
Global
	GlobalSection(SolutionConfigurationPlatforms) = preSolution
		Debug|Any CPU = Debug|Any CPU
		Release|Any CPU = Release|Any CPU
	EndGlobalSection
	GlobalSection(ProjectConfigurationPlatforms) = postSolution
		{050492D9-A345-475B-8426-284C7836922B}.Debug|Any CPU.ActiveCfg = Debug|Any CPU
		{050492D9-A345-475B-8426-284C7836922B}.Debug|Any CPU.Build.0 = Debug|Any CPU
		{050492D9-A345-475B-8426-284C7836922B}.Release|Any CPU.ActiveCfg = Release|Any CPU
		{050492D9-A345-475B-8426-284C7836922B}.Release|Any CPU.Build.0 = Release|Any CPU
	EndGlobalSection
	GlobalSection(SolutionProperties) = preSolution
		HideSolutionNode = FALSE
	EndGlobalSection
	GlobalSection(ExtensibilityGlobals) = postSolution
		SolutionGuid = {9A12DCE0-CE3E-4233-A4EE-58B5FA8F2DB5}
	EndGlobalSection
EndGlobal
